
Microsoft Visual Studio Solution File, Format Version 12.00
# Visual Studio 15
VisualStudioVersion = 15.0.27428.2037
MinimumVisualStudioVersion = 10.0.40219.1
Project("{FAE04EC0-301F-11D3-BF4B-00C04F79EFBC}") = "ImageRecognition", "ImageRecognition\ImageRecognition.csproj", "{FCC14836-EF4E-4149-9ED3-4628B25775D4}"
EndProject
Global
	GlobalSection(SolutionConfigurationPlatforms) = preSolution
		Debug|Any CPU = Debug|Any CPU
		Release|Any CPU = Release|Any CPU
	EndGlobalSection
	GlobalSection(ProjectConfigurationPlatforms) = postSolution
		{FCC14836-EF4E-4149-9ED3-4628B25775D4}.Debug|Any CPU.ActiveCfg = Debug|Any CPU
		{FCC14836-EF4E-4149-9ED3-4628B25775D4}.Debug|Any CPU.Build.0 = Debug|Any CPU
		{FCC14836-EF4E-4149-9ED3-4628B25775D4}.Release|Any CPU.ActiveCfg = Release|Any CPU
		{FCC14836-EF4E-4149-9ED3-4628B25775D4}.Release|Any CPU.Build.0 = Release|Any CPU
	EndGlobalSection
	GlobalSection(SolutionProperties) = preSolution
		HideSolutionNode = FALSE
	EndGlobalSection
	GlobalSection(ExtensibilityGlobals) = postSolution
		SolutionGuid = {E6F94347-8443-4655-876F-8C85659D4E9E}
	EndGlobalSection
EndGlobal
